# THIS IS AN AUTOGENERATED FILE. DO NOT EDIT THIS FILE DIRECTLY.
# yarn lockfile v1
baidu_unit@^1.0.2:
  version "1.0.4"
  resolved "https://registry.yarnpkg.com/baidu_unit/-/baidu_unit-1.0.4.tgz#c77f9d769c0d25d1bb788ab0f919f69f09906ce0"

baidu_yuyin@^2.3.0:
  version "2.3.0"
  resolved "https://registry.yarnpkg.com/baidu_yuyin/-/baidu_yuyin-2.3.0.tgz#8afa2f74de4406c70f53aa2f12a531fd74dea281"

baidu-stt@^1.0.1:
  version "1.0.3"
  resolved "https://registry.yarnpkg.com/baidu-stt/-/baidu-stt-1.0.3.tgz#0a34923d4e79f699022f5d640cb6b746f5c23fd9"
  dependencies:
    mic "^2.1.2"

mic@^2.1.2:
  version "2.1.2"
  resolved "https://registry.yarnpkg.com/mic/-/mic-2.1.2.tgz#f03428381798ff889a90405a0318151db054a4ed"

ramda@^0.24.1:
  version "0.24.1"
  resolved "https://registry.yarnpkg.com/ramda/-/ramda-0.24.1.tgz#c3b7755197f35b8dc3502228262c4c91ddb6b857"

